// !$*UTF8*$!
{
	archiveVersion = 1;
	classes = {
	};
	objectVersion = 77;
	objects = {

/* Begin PBXContainerItemProxy section */
		6A8D1ECC2F99A345000C2639 /* PBXContainerItemProxy */ = {
			isa = PBXContainerItemProxy;
			containerPortal = 6A8D1EB62F99A343000C2639 /* Project object */;
			proxyType = 1;
			remoteGlobalIDString = 6A8D1EBD2F99A343000C2639;
			remoteInfo = SpoilAlert;
		};
		6A8D1ED62F99A345000C2639 /* PBXContainerItemProxy */ = {
			isa = PBXContainerItemProxy;
			containerPortal = 6A8D1EB62F99A343000C2639 /* Project object */;
			proxyType = 1;
			remoteGlobalIDString = 6A8D1EBD2F99A343000C2639;
			remoteInfo = SpoilAlert;
		};
/* End PBXContainerItemProxy section */

/* Begin PBXFileReference section */
		6A8D1EBE2F99A343000C2639 /* SpoilAlert.app */ = {isa = PBXFileReference; explicitFileType = wrapper.application; includeInIndex = 0; path = SpoilAlert.app; sourceTree = BUILT_PRODUCTS_DIR; };
		6A8D1ECB2F99A345000C2639 /* SpoilAlertTests.xctest */ = {isa = PBXFileReference; explicitFileType = wrapper.cfbundle; includeInIndex = 0; path = SpoilAlertTests.xctest; sourceTree = BUILT_PRODUCTS_DIR; };
		6A8D1ED52F99A345000C2639 /* SpoilAlertUITests.xctest */ = {isa = PBXFileReference; explicitFileType = wrapper.cfbundle; includeInIndex = 0; path = SpoilAlertUITests.xctest; sourceTree = BUILT_PRODUCTS_DIR; };
/* End PBXFileReference section */

/* Begin PBXFileSystemSynchronizedRootGroup section */
		6A8D1EC02F99A343000C2639 /* SpoilAlert */ = {
			isa = PBXFileSystemSynchronizedRootGroup;
			path = SpoilAlert;
			sourceTree = "<group>";
		};
		6A8D1ECE2F99A345000C2639 /* SpoilAlertTests */ = {
			isa = PBXFileSystemSynchronizedRootGroup;
			path = SpoilAlertTests;
			sourceTree = "<group>";
		};
		6A8D1ED82F99A345000C2639 /* SpoilAlertUITests */ = {
			isa = PBXFileSystemSynchronizedRootGroup;
			path = SpoilAlertUITests;
			sourceTree = "<group>";
		};
/* End PBXFileSystemSynchronizedRootGroup section */

/* Begin PBXFrameworksBuildPhase section */
		6A8D1EBB2F99A343000C2639 /* Frameworks */ = {
			isa = PBXFrameworksBuildPhase;
			buildActionMask = 2147483647;
			files = (
			);
			runOnlyForDeploymentPostprocessing = 0;
		};
		6A8D1EC82F99A345000C2639 /* Frameworks */ = {
			isa = PBXFrameworksBuildPhase;
			buildActionMask = 2147483647;
			files = (
			);
			runOnlyForDeploymentPostprocessing = 0;
		};
		6A8D1ED22F99A345000C2639 /* Frameworks */ = {
			isa = PBXFrameworksBuildPhase;
			buildActionMask = 2147483647;
			files = (
			);
			runOnlyForDeploymentPostprocessing = 0;
		};
/* End PBXFrameworksBuildPhase section */

/* Begin PBXGroup section */
		6A8D1EB52F99A343000C2639 = {
			isa = PBXGroup;
			children = (
				6A8D1EC02F99A343000C2639 /* SpoilAlert */,
				6A8D1ECE2F99A345000C2639 /* SpoilAlertTests */,
				6A8D1ED82F99A345000C2639 /* SpoilAlertUITests */,
				6A8D1EBF2F99A343000C2639 /* Products */,
			);
			sourceTree = "<group>";
		};
		6A8D1EBF2F99A343000C2639 /* Products */ = {
			isa = PBXGroup;
			children = (
				6A8D1EBE2F99A343000C2639 /* SpoilAlert.app */,
				6A8D1ECB2F99A345000C2639 /* SpoilAlertTests.xctest */,
				6A8D1ED52F99A345000C2639 /* SpoilAlertUITests.xctest */,
			);
			name = Products;
			sourceTree = "<group>";
		};
/* End PBXGroup section */

/* Begin PBXNativeTarget section */
		6A8D1EBD2F99A343000C2639 /* SpoilAlert */ = {
			isa = PBXNativeTarget;
			buildConfigurationList = 6A8D1EDF2F99A345000C2639 /* Build configuration list for PBXNativeTarget "SpoilAlert" */;
			buildPhases = (
				6A8D1EBA2F99A343000C2639 /* Sources */,
				6A8D1EBB2F99A343000C2639 /* Frameworks */,
				6A8D1EBC2F99A343000C2639 /* Resources */,
			);
			buildRules = (
			);
			dependencies = (
			);
			fileSystemSynchronizedGroups = (
				6A8D1EC02F99A343000C2639 /* SpoilAlert */,
			);
			name = SpoilAlert;
			packageProductDependencies = (
			);
			productName = SpoilAlert;
			productReference = 6A8D1EBE2F99A343000C2639 /* SpoilAlert.app */;
			productType = "com.apple.product-type.application";
		};
		6A8D1ECA2F99A345000C2639 /* SpoilAlertTests */ = {
			isa = PBXNativeTarget;
			buildConfigurationList = 6A8D1EE22F99A345000C2639 /* Build configuration list for PBXNativeTarget "SpoilAlertTests" */;
			buildPhases = (
				6A8D1EC72F99A345000C2639 /* Sources */,
				6A8D1EC82F99A345000C2639 /* Frameworks */,
				6A8D1EC92F99A345000C2639 /* Resources */,
			);
			buildRules = (
			);
			dependencies = (
				6A8D1ECD2F99A345000C2639 /* PBXTargetDependency */,
			);
			fileSystemSynchronizedGroups = (
				6A8D1ECE2F99A345000C2639 /* SpoilAlertTests */,
			);
			name = SpoilAlertTests;
			packageProductDependencies = (
			);
			productName = SpoilAlertTests;
			productReference = 6A8D1ECB2F99A345000C2639 /* SpoilAlertTests.xctest */;
			productType = "com.apple.product-type.bundle.unit-test";
		};
		6A8D1ED42F99A345000C2639 /* SpoilAlertUITests */ = {
			isa = PBXNativeTarget;
			buildConfigurationList = 6A8D1EE52F99A345000C2639 /* Build configuration list for PBXNativeTarget "SpoilAlertUITests" */;
			buildPhases = (
				6A8D1ED12F99A345000C2639 /* Sources */,
				6A8D1ED22F99A345000C2639 /* Frameworks */,
				6A8D1ED32F99A345000C2639 /* Resources */,
			);
			buildRules = (
			);
			dependencies = (
				6A8D1ED72F99A345000C2639 /* PBXTargetDependency */,
			);
			fileSystemSynchronizedGroups = (
				6A8D1ED82F99A345000C2639 /* SpoilAlertUITests */,
			);
			name = SpoilAlertUITests;
			packageProductDependencies = (
			);
			productName = SpoilAlertUITests;
			productReference = 6A8D1ED52F99A345000C2639 /* SpoilAlertUITests.xctest */;
			productType = "com.apple.product-type.bundle.ui-testing";
		};
/* End PBXNativeTarget section */

/* Begin PBXProject section */
		6A8D1EB62F99A343000C2639 /* Project object */ = {
			isa = PBXProject;
			attributes = {
				BuildIndependentTargetsInParallel = 1;
				LastSwiftUpdateCheck = 1630;
				LastUpgradeCheck = 1630;
				TargetAttributes = {
					6A8D1EBD2F99A343000C2639 = {
						CreatedOnToolsVersion = 16.3;
					};
					6A8D1ECA2F99A345000C2639 = {
						CreatedOnToolsVersion = 16.3;
						TestTargetID = 6A8D1EBD2F99A343000C2639;
					};
					6A8D1ED42F99A345000C2639 = {
						CreatedOnToolsVersion = 16.3;
						TestTargetID = 6A8D1EBD2F99A343000C2639;
					};
				};
			};
			buildConfigurationList = 6A8D1EB92F99A343000C2639 /* Build configuration list for PBXProject "SpoilAlert" */;
			developmentRegion = en;
			hasScannedForEncodings = 0;
			knownRegions = (
				en,
				Base,
			);
			mainGroup = 6A8D1EB52F99A343000C2639;
			minimizedProjectReferenceProxies = 1;
			preferredProjectObjectVersion = 77;
			productRefGroup = 6A8D1EBF2F99A343000C2639 /* Products */;
			projectDirPath = "";
			projectRoot = "";
			targets = (
				6A8D1EBD2F99A343000C2639 /* SpoilAlert */,
				6A8D1ECA2F99A345000C2639 /* SpoilAlertTests */,
				6A8D1ED42F99A345000C2639 /* SpoilAlertUITests */,
			);
		};
/* End PBXProject section */

/* Begin PBXResourcesBuildPhase section */
		6A8D1EBC2F99A343000C2639 /* Resources */ = {
			isa = PBXResourcesBuildPhase;
			buildActionMask = 2147483647;
			files = (
			);
			runOnlyForDeploymentPostprocessing = 0;
		};
		6A8D1EC92F99A345000C2639 /* Resources */ = {
			isa = PBXResourcesBuildPhase;
			buildActionMask = 2147483647;
			files = (
			);
			runOnlyForDeploymentPostprocessing = 0;
		};
		6A8D1ED32F99A345000C2639 /* Resources */ = {
			isa = PBXResourcesBuildPhase;
			buildActionMask = 2147483647;
			files = (
			);
			runOnlyForDeploymentPostprocessing = 0;
		};
/* End PBXResourcesBuildPhase section */

/* Begin PBXSourcesBuildPhase section */
		6A8D1EBA2F99A343000C2639 /* Sources */ = {
			isa = PBXSourcesBuildPhase;
			buildActionMask = 2147483647;
			files = (
			);
			runOnlyForDeploymentPostprocessing = 0;
		};
		6A8D1EC72F99A345000C2639 /* Sources */ = {
			isa = PBXSourcesBuildPhase;
			buildActionMask = 2147483647;
			files = (
			);
			runOnlyForDeploymentPostprocessing = 0;
		};
		6A8D1ED12F99A345000C2639 /* Sources */ = {
			isa = PBXSourcesBuildPhase;
			buildActionMask = 2147483647;
			files = (
			);
			runOnlyForDeploymentPostprocessing = 0;
		};
/* End PBXSourcesBuildPhase section */

/* Begin PBXTargetDependency section */
		6A8D1ECD2F99A345000C2639 /* PBXTargetDependency */ = {
			isa = PBXTargetDependency;
			target = 6A8D1EBD2F99A343000C2639 /* SpoilAlert */;
			targetProxy = 6A8D1ECC2F99A345000C2639 /* PBXContainerItemProxy */;
		};
		6A8D1ED72F99A345000C2639 /* PBXTargetDependency */ = {
			isa = PBXTargetDependency;
			target = 6A8D1EBD2F99A343000C2639 /* SpoilAlert */;
			targetProxy = 6A8D1ED62F99A345000C2639 /* PBXContainerItemProxy */;
		};
/* End PBXTargetDependency section */

/* Begin XCBuildConfiguration section */
		6A8D1EDD2F99A345000C2639 /* Debug */ = {
			isa = XCBuildConfiguration;
			buildSettings = {
				ALWAYS_SEARCH_USER_PATHS = NO;
				ASSETCATALOG_COMPILER_GENERATE_SWIFT_ASSET_SYMBOL_EXTENSIONS = YES;
				CLANG_ANALYZER_NONNULL = YES;
				CLANG_ANALYZER_NUMBER_OBJECT_CONVERSION = YES_AGGRESSIVE;
				CLANG_CXX_LANGUAGE_STANDARD = "gnu++20";
				CLANG_ENABLE_MODULES = YES;
				CLANG_ENABLE_OBJC_ARC = YES;
				CLANG_ENABLE_OBJC_WEAK = YES;
				CLANG_WARN_BLOCK_CAPTURE_AUTORELEASING = YES;
				CLANG_WARN_BOOL_CONVERSION = YES;
				CLANG_WARN_COMMA = YES;
				CLANG_WARN_CONSTANT_CONVERSION = YES;
				CLANG_WARN_DEPRECATED_OBJC_IMPLEMENTATIONS = YES;
				CLANG_WARN_DIRECT_OBJC_ISA_USAGE = YES_ERROR;
				CLANG_WARN_DOCUMENTATION_COMMENTS = YES;
				CLANG_WARN_EMPTY_BODY = YES;
				CLANG_WARN_ENUM_CONVERSION = YES;
				CLANG_WARN_INFINITE_RECURSION = YES;
				CLANG_WARN_INT_CONVERSION = YES;
				CLANG_WARN_NON_LITERAL_NULL_CONVERSION = YES;
				CLANG_WARN_OBJC_IMPLICIT_RETAIN_SELF = YES;
				CLANG_WARN_OBJC_LITERAL_CONVERSION = YES;
				CLANG_WARN_OBJC_ROOT_CLASS = YES_ERROR;
				CLANG_WARN_QUOTED_INCLUDE_IN_FRAMEWORK_HEADER = YES;
				CLANG_WARN_RANGE_LOOP_ANALYSIS = YES;
				CLANG_WARN_STRICT_PROTOTYPES = YES;
				CLANG_WARN_SUSPICIOUS_MOVE = YES;
				CLANG_WARN_UNGUARDED_AVAILABILITY = YES_AGGRESSIVE;
				CLANG_WARN_UNREACHABLE_CODE = YES;
				CLANG_WARN__DUPLICATE_METHOD_MATCH = YES;
				COPY_PHASE_STRIP = NO;
				DEBUG_INFORMATION_FORMAT = dwarf;
				DEVELOPMENT_TEAM = JP4TN5PTS3;
				ENABLE_STRICT_OBJC_MSGSEND = YES;
				ENABLE_TESTABILITY = YES;
				ENABLE_USER_SCRIPT_SANDBOXING = YES;
				GCC_C_LANGUAGE_STANDARD = gnu17;
				GCC_DYNAMIC_NO_PIC = NO;
				GCC_NO_COMMON_BLOCKS = YES;
				GCC_OPTIMIZATION_LEVEL = 0;
				GCC_PREPROCESSOR_DEFINITIONS = (
					"DEBUG=1",
					"$(inherited)",
				);
				GCC_WARN_64_TO_32_BIT_CONVERSION = YES;
				GCC_WARN_ABOUT_RETURN_TYPE = YES_ERROR;
				GCC_WARN_UNDECLARED_SELECTOR = YES;
				GCC_WARN_UNINITIALIZED_AUTOS = YES_AGGRESSIVE;
				GCC_WARN_UNUSED_FUNCTION = YES;
				GCC_WARN_UNUSED_VARIABLE = YES;
				IPHONEOS_DEPLOYMENT_TARGET = 17;
				LOCALIZATION_PREFERS_STRING_CATALOGS = YES;
				MTL_ENABLE_DEBUG_INFO = INCLUDE_SOURCE;
				MTL_FAST_MATH = YES;
				ONLY_ACTIVE_ARCH = YES;
				SDKROOT = iphoneos;
				SWIFT_ACTIVE_COMPILATION_CONDITIONS = "DEBUG $(inherited)";
				SWIFT_OPTIMIZATION_LEVEL = "-Onone";
			};
			name = Debug;
		};
		6A8D1EDE2F99A345000C2639 /* Release */ = {
			isa = XCBuildConfiguration;
			buildSettings = {
				ALWAYS_SEARCH_USER_PATHS = NO;
				ASSETCATALOG_COMPILER_GENERATE_SWIFT_ASSET_SYMBOL_EXTENSIONS = YES;
				CLANG_ANALYZER_NONNULL = YES;
				CLANG_ANALYZER_NUMBER_OBJECT_CONVERSION = YES_AGGRESSIVE;
				CLANG_CXX_LANGUAGE_STANDARD = "gnu++20";
				CLANG_ENABLE_MODULES = YES;
				CLANG_ENABLE_OBJC_ARC = YES;
				CLANG_ENABLE_OBJC_WEAK = YES;
				CLANG_WARN_BLOCK_CAPTURE_AUTORELEASING = YES;
				CLANG_WARN_BOOL_CONVERSION = YES;
				CLANG_WARN_COMMA = YES;
				CLANG_WARN_CONSTANT_CONVERSION = YES;
				CLANG_WARN_DEPRECATED_OBJC_IMPLEMENTATIONS = YES;
				CLANG_WARN_DIRECT_OBJC_ISA_USAGE = YES_ERROR;
				CLANG_WARN_DOCUMENTATION_COMMENTS = YES;
				CLANG_WARN_EMPTY_BODY = YES;
				CLANG_WARN_ENUM_CONVERSION = YES;
				CLANG_WARN_INFINITE_RECURSION = YES;
				CLANG_WARN_INT_CONVERSION = YES;
				CLANG_WARN_NON_LITERAL_NULL_CONVERSION = YES;
				CLANG_WARN_OBJC_IMPLICIT_RETAIN_SELF = YES;
				CLANG_WARN_OBJC_LITERAL_CONVERSION = YES;
				CLANG_WARN_OBJC_ROOT_CLASS = YES_ERROR;
				CLANG_WARN_QUOTED_INCLUDE_IN_FRAMEWORK_HEADER = YES;
				CLANG_WARN_RANGE_LOOP_ANALYSIS = YES;
				CLANG_WARN_STRICT_PROTOTYPES = YES;
				CLANG_WARN_SUSPICIOUS_MOVE = YES;
				CLANG_WARN_UNGUARDED_AVAILABILITY = YES_AGGRESSIVE;
				CLANG_WARN_UNREACHABLE_CODE = YES;
				CLANG_WARN__DUPLICATE_METHOD_MATCH = YES;
				COPY_PHASE_STRIP = NO;
				DEBUG_INFORMATION_FORMAT = "dwarf-with-dsym";
				DEVELOPMENT_TEAM = JP4TN5PTS3;
				ENABLE_NS_ASSERTIONS = NO;
				ENABLE_STRICT_OBJC_MSGSEND = YES;
				ENABLE_USER_SCRIPT_SANDBOXING = YES;
				GCC_C_LANGUAGE_STANDARD = gnu17;
				GCC_NO_COMMON_BLOCKS = YES;
				GCC_WARN_64_TO_32_BIT_CONVERSION = YES;
				GCC_WARN_ABOUT_RETURN_TYPE = YES_ERROR;
				GCC_WARN_UNDECLARED_SELECTOR = YES;
				GCC_WARN_UNINITIALIZED_AUTOS = YES_AGGRESSIVE;
				GCC_WARN_UNUSED_FUNCTION = YES;
				GCC_WARN_UNUSED_VARIABLE = YES;
				IPHONEOS_DEPLOYMENT_TARGET = 17;
				LOCALIZATION_PREFERS_STRING_CATALOGS = YES;
				MTL_ENABLE_DEBUG_INFO = NO;
				MTL_FAST_MATH = YES;
				SDKROOT = iphoneos;
				SWIFT_COMPILATION_MODE = wholemodule;
				VALIDATE_PRODUCT = YES;
			};
			name = Release;
		};
		6A8D1EE02F99A345000C2639 /* Debug */ = {
			isa = XCBuildConfiguration;
			buildSettings = {
				ASSETCATALOG_COMPILER_APPICON_NAME = AppIcon;
				ASSETCATALOG_COMPILER_GLOBAL_ACCENT_COLOR_NAME = AccentColor;
				CODE_SIGN_STYLE = Automatic;
				CURRENT_PROJECT_VERSION = 1;
				DEVELOPMENT_TEAM = JP4TN5PTS3;
				ENABLE_PREVIEWS = YES;
				GENERATE_INFOPLIST_FILE = YES;
				INFOPLIST_KEY_UIApplicationSceneManifest_Generation = YES;
				INFOPLIST_KEY_UIApplicationSupportsIndirectInputEvents = YES;
				INFOPLIST_KEY_UILaunchScreen_Generation = YES;
				INFOPLIST_KEY_UISupportedInterfaceOrientations_iPad = "UIInterfaceOrientationPortrait UIInterfaceOrientationPortraitUpsideDown UIInterfaceOrientationLandscapeLeft UIInterfaceOrientationLandscapeRight";
				INFOPLIST_KEY_UISupportedInterfaceOrientations_iPhone = "UIInterfaceOrientationPortrait UIInterfaceOrientationLandscapeLeft UIInterfaceOrientationLandscapeRight";
				INFOPLIST_KEY_NSCameraUsageDescription = "SpoilAlert needs camera access to scan PAO symbols and barcodes on your skincare products";
				INFOPLIST_KEY_NSPhotoLibraryUsageDescription = "SpoilAlert needs photo library access to select product photos for PAO recognition";
				IPHONEOS_DEPLOYMENT_TARGET = 17;
				LD_RUNPATH_SEARCH_PATHS = (
					"$(inherited)",
					"@executable_path/Frameworks",
				);
				MARKETING_VERSION = 1.0;
				PRODUCT_BUNDLE_IDENTIFIER = com.zzoutuo.SpoilAlert;
				PRODUCT_NAME = "$(TARGET_NAME)";
				SWIFT_EMIT_LOC_STRINGS = YES;
				SWIFT_VERSION = 5.0;
				TARGETED_DEVICE_FAMILY = "1,2";
			};
			name = Debug;
		};
		6A8D1EE12F99A345000C2639 /* Release */ = {
			isa = XCBuildConfiguration;
			buildSettings = {
				ASSETCATALOG_COMPILER_APPICON_NAME = AppIcon;
				ASSETCATALOG_COMPILER_GLOBAL_ACCENT_COLOR_NAME = AccentColor;
				CODE_SIGN_STYLE = Automatic;
				CURRENT_PROJECT_VERSION = 1;
				DEVELOPMENT_TEAM = JP4TN5PTS3;
				ENABLE_PREVIEWS = YES;
				GENERATE_INFOPLIST_FILE = YES;
				INFOPLIST_KEY_UIApplicationSceneManifest_Generation = YES;
				INFOPLIST_KEY_UIApplicationSupportsIndirectInputEvents = YES;
				INFOPLIST_KEY_UILaunchScreen_Generation = YES;
				INFOPLIST_KEY_UISupportedInterfaceOrientations_iPad = "UIInterfaceOrientationPortrait UIInterfaceOrientationPortraitUpsideDown UIInterfaceOrientationLandscapeLeft UIInterfaceOrientationLandscapeRight";
				INFOPLIST_KEY_UISupportedInterfaceOrientations_iPhone = "UIInterfaceOrientationPortrait UIInterfaceOrientationLandscapeLeft UIInterfaceOrientationLandscapeRight";
				INFOPLIST_KEY_NSCameraUsageDescription = "SpoilAlert needs camera access to scan PAO symbols and barcodes on your skincare products";
				INFOPLIST_KEY_NSPhotoLibraryUsageDescription = "SpoilAlert needs photo library access to select product photos for PAO recognition";
				IPHONEOS_DEPLOYMENT_TARGET = 17;
				LD_RUNPATH_SEARCH_PATHS = (
					"$(inherited)",
					"@executable_path/Frameworks",
				);
				MARKETING_VERSION = 1.0;
				PRODUCT_BUNDLE_IDENTIFIER = com.zzoutuo.SpoilAlert;
				PRODUCT_NAME = "$(TARGET_NAME)";
				SWIFT_EMIT_LOC_STRINGS = YES;
				SWIFT_VERSION = 5.0;
				TARGETED_DEVICE_FAMILY = "1,2";
			};
			name = Release;
		};
		6A8D1EE32F99A345000C2639 /* Debug */ = {
			isa = XCBuildConfiguration;
			buildSettings = {
				BUNDLE_LOADER = "$(TEST_HOST)";
				CODE_SIGN_STYLE = Automatic;
				CURRENT_PROJECT_VERSION = 1;
				DEVELOPMENT_TEAM = JP4TN5PTS3;
				GENERATE_INFOPLIST_FILE = YES;
				IPHONEOS_DEPLOYMENT_TARGET = 18.4;
				MARKETING_VERSION = 1.0;
				PRODUCT_BUNDLE_IDENTIFIER = com.zzoutuo.SpoilAlert.SpoilAlertTests;
				PRODUCT_NAME = "$(TARGET_NAME)";
				SWIFT_EMIT_LOC_STRINGS = NO;
				SWIFT_VERSION = 5.0;
				TARGETED_DEVICE_FAMILY = "1,2";
				TEST_HOST = "$(BUILT_PRODUCTS_DIR)/SpoilAlert.app/$(BUNDLE_EXECUTABLE_FOLDER_PATH)/SpoilAlert";
			};
			name = Debug;
		};
		6A8D1EE42F99A345000C2639 /* Release */ = {
			isa = XCBuildConfiguration;
			buildSettings = {
				BUNDLE_LOADER = "$(TEST_HOST)";
				CODE_SIGN_STYLE = Automatic;
				CURRENT_PROJECT_VERSION = 1;
				DEVELOPMENT_TEAM = JP4TN5PTS3;
				GENERATE_INFOPLIST_FILE = YES;
				IPHONEOS_DEPLOYMENT_TARGET = 18.4;
				MARKETING_VERSION = 1.0;
				PRODUCT_BUNDLE_IDENTIFIER = com.zzoutuo.SpoilAlert.SpoilAlertTests;
				PRODUCT_NAME = "$(TARGET_NAME)";
				SWIFT_EMIT_LOC_STRINGS = NO;
				SWIFT_VERSION = 5.0;
				TARGETED_DEVICE_FAMILY = "1,2";
				TEST_HOST = "$(BUILT_PRODUCTS_DIR)/SpoilAlert.app/$(BUNDLE_EXECUTABLE_FOLDER_PATH)/SpoilAlert";
			};
			name = Release;
		};
		6A8D1EE62F99A345000C2639 /* Debug */ = {
			isa = XCBuildConfiguration;
			buildSettings = {
				CODE_SIGN_STYLE = Automatic;
				CURRENT_PROJECT_VERSION = 1;
				DEVELOPMENT_TEAM = JP4TN5PTS3;
				GENERATE_INFOPLIST_FILE = YES;
				MARKETING_VERSION = 1.0;
				PRODUCT_BUNDLE_IDENTIFIER = com.zzoutuo.SpoilAlert.SpoilAlertUITests;
				PRODUCT_NAME = "$(TARGET_NAME)";
				SWIFT_EMIT_LOC_STRINGS = NO;
				SWIFT_VERSION = 5.0;
				TARGETED_DEVICE_FAMILY = "1,2";
				TEST_TARGET_NAME = SpoilAlert;
			};
			name = Debug;
		};
		6A8D1EE72F99A345000C2639 /* Release */ = {
			isa = XCBuildConfiguration;
			buildSettings = {
				CODE_SIGN_STYLE = Automatic;
				CURRENT_PROJECT_VERSION = 1;
				DEVELOPMENT_TEAM = JP4TN5PTS3;
				GENERATE_INFOPLIST_FILE = YES;
				MARKETING_VERSION = 1.0;
				PRODUCT_BUNDLE_IDENTIFIER = com.zzoutuo.SpoilAlert.SpoilAlertUITests;
				PRODUCT_NAME = "$(TARGET_NAME)";
				SWIFT_EMIT_LOC_STRINGS = NO;
				SWIFT_VERSION = 5.0;
				TARGETED_DEVICE_FAMILY = "1,2";
				TEST_TARGET_NAME = SpoilAlert;
			};
			name = Release;
		};
/* End XCBuildConfiguration section */

/* Begin XCConfigurationList section */
		6A8D1EB92F99A343000C2639 /* Build configuration list for PBXProject "SpoilAlert" */ = {
			isa = XCConfigurationList;
			buildConfigurations = (
				6A8D1EDD2F99A345000C2639 /* Debug */,
				6A8D1EDE2F99A345000C2639 /* Release */,
			);
			defaultConfigurationIsVisible = 0;
			defaultConfigurationName = Release;
		};
		6A8D1EDF2F99A345000C2639 /* Build configuration list for PBXNativeTarget "SpoilAlert" */ = {
			isa = XCConfigurationList;
			buildConfigurations = (
				6A8D1EE02F99A345000C2639 /* Debug */,
				6A8D1EE12F99A345000C2639 /* Release */,
			);
			defaultConfigurationIsVisible = 0;
			defaultConfigurationName = Release;
		};
		6A8D1EE22F99A345000C2639 /* Build configuration list for PBXNativeTarget "SpoilAlertTests" */ = {
			isa = XCConfigurationList;
			buildConfigurations = (
				6A8D1EE32F99A345000C2639 /* Debug */,
				6A8D1EE42F99A345000C2639 /* Release */,
			);
			defaultConfigurationIsVisible = 0;
			defaultConfigurationName = Release;
		};
		6A8D1EE52F99A345000C2639 /* Build configuration list for PBXNativeTarget "SpoilAlertUITests" */ = {
			isa = XCConfigurationList;
			buildConfigurations = (
				6A8D1EE62F99A345000C2639 /* Debug */,
				6A8D1EE72F99A345000C2639 /* Release */,
			);
			defaultConfigurationIsVisible = 0;
			defaultConfigurationName = Release;
		};
/* End XCConfigurationList section */
	};
	rootObject = 6A8D1EB62F99A343000C2639 /* Project object */;
}
